
Microsoft Visual Studio Solution File, Format Version 12.00
Project("{FAE04EC0-301F-11D3-BF4B-00C04F79EFBC}") = "EngineeringUnitsCore", "EngineeringUnitsCore\EngineeringUnitsCore.csproj", "{497314D3-C2AD-4A13-8FD0-3E1B5DFF0C28}"
EndProject
Project("{FAE04EC0-301F-11D3-BF4B-00C04F79EFBC}") = "API", "API\API.csproj", "{F021A346-CE6B-4B10-ADCC-3C17EBF3792B}"
EndProject
Global
	GlobalSection(SolutionConfigurationPlatforms) = preSolution
		Debug|Any CPU = Debug|Any CPU
		Release|Any CPU = Release|Any CPU
	EndGlobalSection
	GlobalSection(ProjectConfigurationPlatforms) = postSolution
		{497314D3-C2AD-4A13-8FD0-3E1B5DFF0C28}.Debug|Any CPU.ActiveCfg = Debug|Any CPU
		{497314D3-C2AD-4A13-8FD0-3E1B5DFF0C28}.Debug|Any CPU.Build.0 = Debug|Any CPU
		{497314D3-C2AD-4A13-8FD0-3E1B5DFF0C28}.Release|Any CPU.ActiveCfg = Release|Any CPU
		{497314D3-C2AD-4A13-8FD0-3E1B5DFF0C28}.Release|Any CPU.Build.0 = Release|Any CPU
		{F021A346-CE6B-4B10-ADCC-3C17EBF3792B}.Debug|Any CPU.ActiveCfg = Debug|Any CPU
		{F021A346-CE6B-4B10-ADCC-3C17EBF3792B}.Debug|Any CPU.Build.0 = Debug|Any CPU
		{F021A346-CE6B-4B10-ADCC-3C17EBF3792B}.Release|Any CPU.ActiveCfg = Release|Any CPU
		{F021A346-CE6B-4B10-ADCC-3C17EBF3792B}.Release|Any CPU.Build.0 = Release|Any CPU
	EndGlobalSection
EndGlobal
